
Microsoft Visual Studio Solution File, Format Version 12.00
# Visual Studio Version 17
VisualStudioVersion = 17.11.35312.102
MinimumVisualStudioVersion = 10.0.40219.1
Project("{FAE04EC0-301F-11D3-BF4B-00C04F79EFBC}") = "Calculator", "Calculator\Calculator.csproj", "{92F55268-80F6-47A7-8A04-9A6786BBC2F4}"
EndProject
Global
	GlobalSection(SolutionConfigurationPlatforms) = preSolution
		Debug|Any CPU = Debug|Any CPU
		Release|Any CPU = Release|Any CPU
	EndGlobalSection
	GlobalSection(ProjectConfigurationPlatforms) = postSolution
		{92F55268-80F6-47A7-8A04-9A6786BBC2F4}.Debug|Any CPU.ActiveCfg = Debug|Any CPU
		{92F55268-80F6-47A7-8A04-9A6786BBC2F4}.Debug|Any CPU.Build.0 = Debug|Any CPU
		{92F55268-80F6-47A7-8A04-9A6786BBC2F4}.Release|Any CPU.ActiveCfg = Release|Any CPU
		{92F55268-80F6-47A7-8A04-9A6786BBC2F4}.Release|Any CPU.Build.0 = Release|Any CPU
	EndGlobalSection
	GlobalSection(SolutionProperties) = preSolution
		HideSolutionNode = FALSE
	EndGlobalSection
	GlobalSection(ExtensibilityGlobals) = postSolution
		SolutionGuid = {81FF4C68-B2F9-4FDF-BCD4-D19718707BA8}
	EndGlobalSection
EndGlobal
